
Microsoft Visual Studio Solution File, Format Version 12.00
# Visual Studio Version 17
VisualStudioVersion = 17.9.34723.18
MinimumVisualStudioVersion = 10.0.40219.1
Project("{FAE04EC0-301F-11D3-BF4B-00C04F79EFBC}") = "online-osu-beatmap-editor-client", "online-osu-beatmap-editor-client.csproj", "{423AC362-47D7-4647-99E3-FF5DF8B83ED9}"
EndProject
Global
	GlobalSection(SolutionConfigurationPlatforms) = preSolution
		Debug|Any CPU = Debug|Any CPU
		Release|Any CPU = Release|Any CPU
	EndGlobalSection
	GlobalSection(ProjectConfigurationPlatforms) = postSolution
		{423AC362-47D7-4647-99E3-FF5DF8B83ED9}.Debug|Any CPU.ActiveCfg = Debug|Any CPU
		{423AC362-47D7-4647-99E3-FF5DF8B83ED9}.Debug|Any CPU.Build.0 = Debug|Any CPU
		{423AC362-47D7-4647-99E3-FF5DF8B83ED9}.Release|Any CPU.ActiveCfg = Release|Any CPU
		{423AC362-47D7-4647-99E3-FF5DF8B83ED9}.Release|Any CPU.Build.0 = Release|Any CPU
	EndGlobalSection
	GlobalSection(SolutionProperties) = preSolution
		HideSolutionNode = FALSE
	EndGlobalSection
	GlobalSection(ExtensibilityGlobals) = postSolution
		SolutionGuid = {9CD542EA-2ED6-425A-BD47-ECB2DA2C9890}
	EndGlobalSection
EndGlobal
